
Microsoft Visual Studio Solution File, Format Version 12.00
# Visual Studio 15
VisualStudioVersion = 15.0.27703.2042
MinimumVisualStudioVersion = 10.0.40219.1
Project("{FAE04EC0-301F-11D3-BF4B-00C04F79EFBC}") = "UtilityApp", "UtilityApp\UtilityApp.csproj", "{A177FF00-E931-4D0A-8222-E3A0BE7678AE}"
EndProject
Global
	GlobalSection(SolutionConfigurationPlatforms) = preSolution
		Debug|Any CPU = Debug|Any CPU
		Release|Any CPU = Release|Any CPU
	EndGlobalSection
	GlobalSection(ProjectConfigurationPlatforms) = postSolution
		{A177FF00-E931-4D0A-8222-E3A0BE7678AE}.Debug|Any CPU.ActiveCfg = Debug|Any CPU
		{A177FF00-E931-4D0A-8222-E3A0BE7678AE}.Debug|Any CPU.Build.0 = Debug|Any CPU
		{A177FF00-E931-4D0A-8222-E3A0BE7678AE}.Release|Any CPU.ActiveCfg = Release|Any CPU
		{A177FF00-E931-4D0A-8222-E3A0BE7678AE}.Release|Any CPU.Build.0 = Release|Any CPU
	EndGlobalSection
	GlobalSection(SolutionProperties) = preSolution
		HideSolutionNode = FALSE
	EndGlobalSection
	GlobalSection(ExtensibilityGlobals) = postSolution
		SolutionGuid = {39320507-35B7-4DAA-AB9B-7CDEA39966BC}
	EndGlobalSection
EndGlobal
